// !$*UTF8*$!
{
	archiveVersion = 1;
	classes = {
	};
	objectVersion = 55;
	objects = {

/* Begin PBXBuildFile section */
		20F1C1212841104400A7FB0A /* swift_riveApp.swift in Sources */ = {isa = PBXBuildFile; fileRef = 20F1C1202841104400A7FB0A /* swift_riveApp.swift */; };
		20F1C1232841104400A7FB0A /* ContentView.swift in Sources */ = {isa = PBXBuildFile; fileRef = 20F1C1222841104400A7FB0A /* ContentView.swift */; };
		20F1C1252841104500A7FB0A /* Assets.xcassets in Resources */ = {isa = PBXBuildFile; fileRef = 20F1C1242841104500A7FB0A /* Assets.xcassets */; };
		20F1C1282841104500A7FB0A /* Preview Assets.xcassets in Resources */ = {isa = PBXBuildFile; fileRef = 20F1C1272841104500A7FB0A /* Preview Assets.xcassets */; };
		20F1C136284110EA00A7FB0A /* house.riv in Resources */ = {isa = PBXBuildFile; fileRef = 20F1C12F284110EA00A7FB0A /* house.riv */; };
		20F1C137284110EA00A7FB0A /* confetti.riv in Resources */ = {isa = PBXBuildFile; fileRef = 20F1C130284110EA00A7FB0A /* confetti.riv */; };
		20F1C138284110EA00A7FB0A /* check.riv in Resources */ = {isa = PBXBuildFile; fileRef = 20F1C131284110EA00A7FB0A /* check.riv */; };
		20F1C139284110EA00A7FB0A /* menu_button.riv in Resources */ = {isa = PBXBuildFile; fileRef = 20F1C132284110EA00A7FB0A /* menu_button.riv */; };
		20F1C13A284110EA00A7FB0A /* shapes.riv in Resources */ = {isa = PBXBuildFile; fileRef = 20F1C133284110EA00A7FB0A /* shapes.riv */; };
		20F1C13B284110EA00A7FB0A /* button.riv in Resources */ = {isa = PBXBuildFile; fileRef = 20F1C134284110EA00A7FB0A /* button.riv */; };
		20F1C13C284110EA00A7FB0A /* icons.riv in Resources */ = {isa = PBXBuildFile; fileRef = 20F1C135284110EA00A7FB0A /* icons.riv */; };
		20F1C13F2841118100A7FB0A /* RiveRuntime in Frameworks */ = {isa = PBXBuildFile; productRef = 20F1C13E2841118100A7FB0A /* RiveRuntime */; };
		20F1C141284111A000A7FB0A /* OnboardingView.swift in Sources */ = {isa = PBXBuildFile; fileRef = 20F1C140284111A000A7FB0A /* OnboardingView.swift */; };
/* End PBXBuildFile section */

/* Begin PBXFileReference section */
		20F1C11D2841104400A7FB0A /* swift-rive.app */ = {isa = PBXFileReference; explicitFileType = wrapper.application; includeInIndex = 0; path = "swift-rive.app"; sourceTree = BUILT_PRODUCTS_DIR; };
		20F1C1202841104400A7FB0A /* swift_riveApp.swift */ = {isa = PBXFileReference; lastKnownFileType = sourcecode.swift; path = swift_riveApp.swift; sourceTree = "<group>"; };
		20F1C1222841104400A7FB0A /* ContentView.swift */ = {isa = PBXFileReference; lastKnownFileType = sourcecode.swift; path = ContentView.swift; sourceTree = "<group>"; };
		20F1C1242841104500A7FB0A /* Assets.xcassets */ = {isa = PBXFileReference; lastKnownFileType = folder.assetcatalog; path = Assets.xcassets; sourceTree = "<group>"; };
		20F1C1272841104500A7FB0A /* Preview Assets.xcassets */ = {isa = PBXFileReference; lastKnownFileType = folder.assetcatalog; path = "Preview Assets.xcassets"; sourceTree = "<group>"; };
		20F1C12F284110EA00A7FB0A /* house.riv */ = {isa = PBXFileReference; lastKnownFileType = file; path = house.riv; sourceTree = "<group>"; };
		20F1C130284110EA00A7FB0A /* confetti.riv */ = {isa = PBXFileReference; lastKnownFileType = file; path = confetti.riv; sourceTree = "<group>"; };
		20F1C131284110EA00A7FB0A /* check.riv */ = {isa = PBXFileReference; lastKnownFileType = file; path = check.riv; sourceTree = "<group>"; };
		20F1C132284110EA00A7FB0A /* menu_button.riv */ = {isa = PBXFileReference; lastKnownFileType = file; path = menu_button.riv; sourceTree = "<group>"; };
		20F1C133284110EA00A7FB0A /* shapes.riv */ = {isa = PBXFileReference; lastKnownFileType = file; path = shapes.riv; sourceTree = "<group>"; };
		20F1C134284110EA00A7FB0A /* button.riv */ = {isa = PBXFileReference; lastKnownFileType = file; path = button.riv; sourceTree = "<group>"; };
		20F1C135284110EA00A7FB0A /* icons.riv */ = {isa = PBXFileReference; lastKnownFileType = file; path = icons.riv; sourceTree = "<group>"; };
		20F1C140284111A000A7FB0A /* OnboardingView.swift */ = {isa = PBXFileReference; lastKnownFileType = sourcecode.swift; path = OnboardingView.swift; sourceTree = "<group>"; };
/* End PBXFileReference section */

/* Begin PBXFrameworksBuildPhase section */
		20F1C11A2841104400A7FB0A /* Frameworks */ = {
			isa = PBXFrameworksBuildPhase;
			buildActionMask = 2147483647;
			files = (
				20F1C13F2841118100A7FB0A /* RiveRuntime in Frameworks */,
			);
			runOnlyForDeploymentPostprocessing = 0;
		};
/* End PBXFrameworksBuildPhase section */

/* Begin PBXGroup section */
		20F1C1142841104400A7FB0A = {
			isa = PBXGroup;
			children = (
				20F1C11F2841104400A7FB0A /* swift-rive */,
				20F1C11E2841104400A7FB0A /* Products */,
			);
			sourceTree = "<group>";
		};
		20F1C11E2841104400A7FB0A /* Products */ = {
			isa = PBXGroup;
			children = (
				20F1C11D2841104400A7FB0A /* swift-rive.app */,
			);
			name = Products;
			sourceTree = "<group>";
		};
		20F1C11F2841104400A7FB0A /* swift-rive */ = {
			isa = PBXGroup;
			children = (
				20F1C1202841104400A7FB0A /* swift_riveApp.swift */,
				20F1C1222841104400A7FB0A /* ContentView.swift */,
				20F1C1242841104500A7FB0A /* Assets.xcassets */,
				20F1C12E284110EA00A7FB0A /* RiveAssets */,
				20F1C1262841104500A7FB0A /* Preview Content */,
				20F1C140284111A000A7FB0A /* OnboardingView.swift */,
			);
			path = "swift-rive";
			sourceTree = "<group>";
		};
		20F1C1262841104500A7FB0A /* Preview Content */ = {
			isa = PBXGroup;
			children = (
				20F1C1272841104500A7FB0A /* Preview Assets.xcassets */,
			);
			path = "Preview Content";
			sourceTree = "<group>";
		};
		20F1C12E284110EA00A7FB0A /* RiveAssets */ = {
			isa = PBXGroup;
			children = (
				20F1C12F284110EA00A7FB0A /* house.riv */,
				20F1C130284110EA00A7FB0A /* confetti.riv */,
				20F1C131284110EA00A7FB0A /* check.riv */,
				20F1C132284110EA00A7FB0A /* menu_button.riv */,
				20F1C133284110EA00A7FB0A /* shapes.riv */,
				20F1C134284110EA00A7FB0A /* button.riv */,
				20F1C135284110EA00A7FB0A /* icons.riv */,
			);
			path = RiveAssets;
			sourceTree = "<group>";
		};
/* End PBXGroup section */

/* Begin PBXNativeTarget section */
		20F1C11C2841104400A7FB0A /* swift-rive */ = {
			isa = PBXNativeTarget;
			buildConfigurationList = 20F1C12B2841104500A7FB0A /* Build configuration list for PBXNativeTarget "swift-rive" */;
			buildPhases = (
				20F1C1192841104400A7FB0A /* Sources */,
				20F1C11A2841104400A7FB0A /* Frameworks */,
				20F1C11B2841104400A7FB0A /* Resources */,
			);
			buildRules = (
			);
			dependencies = (
			);
			name = "swift-rive";
			packageProductDependencies = (
				20F1C13E2841118100A7FB0A /* RiveRuntime */,
			);
			productName = "swift-rive";
			productReference = 20F1C11D2841104400A7FB0A /* swift-rive.app */;
			productType = "com.apple.product-type.application";
		};
/* End PBXNativeTarget section */

/* Begin PBXProject section */
		20F1C1152841104400A7FB0A /* Project object */ = {
			isa = PBXProject;
			attributes = {
				BuildIndependentTargetsInParallel = 1;
				LastSwiftUpdateCheck = 1300;
				LastUpgradeCheck = 1300;
				TargetAttributes = {
					20F1C11C2841104400A7FB0A = {
						CreatedOnToolsVersion = 13.0;
					};
				};
			};
			buildConfigurationList = 20F1C1182841104400A7FB0A /* Build configuration list for PBXProject "swift-rive" */;
			compatibilityVersion = "Xcode 13.0";
			developmentRegion = en;
			hasScannedForEncodings = 0;
			knownRegions = (
				en,
				Base,
			);
			mainGroup = 20F1C1142841104400A7FB0A;
			packageReferences = (
				20F1C13D2841118100A7FB0A /* XCRemoteSwiftPackageReference "rive-ios" */,
			);
			productRefGroup = 20F1C11E2841104400A7FB0A /* Products */;
			projectDirPath = "";
			projectRoot = "";
			targets = (
				20F1C11C2841104400A7FB0A /* swift-rive */,
			);
		};
/* End PBXProject section */

/* Begin PBXResourcesBuildPhase section */
		20F1C11B2841104400A7FB0A /* Resources */ = {
			isa = PBXResourcesBuildPhase;
			buildActionMask = 2147483647;
			files = (
				20F1C13A284110EA00A7FB0A /* shapes.riv in Resources */,
				20F1C138284110EA00A7FB0A /* check.riv in Resources */,
				20F1C1282841104500A7FB0A /* Preview Assets.xcassets in Resources */,
				20F1C139284110EA00A7FB0A /* menu_button.riv in Resources */,
				20F1C136284110EA00A7FB0A /* house.riv in Resources */,
				20F1C13B284110EA00A7FB0A /* button.riv in Resources */,
				20F1C1252841104500A7FB0A /* Assets.xcassets in Resources */,
				20F1C137284110EA00A7FB0A /* confetti.riv in Resources */,
				20F1C13C284110EA00A7FB0A /* icons.riv in Resources */,
			);
			runOnlyForDeploymentPostprocessing = 0;
		};
/* End PBXResourcesBuildPhase section */

/* Begin PBXSourcesBuildPhase section */
		20F1C1192841104400A7FB0A /* Sources */ = {
			isa = PBXSourcesBuildPhase;
			buildActionMask = 2147483647;
			files = (
				20F1C141284111A000A7FB0A /* OnboardingView.swift in Sources */,
				20F1C1232841104400A7FB0A /* ContentView.swift in Sources */,
				20F1C1212841104400A7FB0A /* swift_riveApp.swift in Sources */,
			);
			runOnlyForDeploymentPostprocessing = 0;
		};
/* End PBXSourcesBuildPhase section */

/* Begin XCBuildConfiguration section */
		20F1C1292841104500A7FB0A /* Debug */ = {
			isa = XCBuildConfiguration;
			buildSettings = {
				ALWAYS_SEARCH_USER_PATHS = NO;
				CLANG_ANALYZER_NONNULL = YES;
				CLANG_ANALYZER_NUMBER_OBJECT_CONVERSION = YES_AGGRESSIVE;
				CLANG_CXX_LANGUAGE_STANDARD = "gnu++17";
				CLANG_CXX_LIBRARY = "libc++";
				CLANG_ENABLE_MODULES = YES;
				CLANG_ENABLE_OBJC_ARC = YES;
				CLANG_ENABLE_OBJC_WEAK = YES;
				CLANG_WARN_BLOCK_CAPTURE_AUTORELEASING = YES;
				CLANG_WARN_BOOL_CONVERSION = YES;
				CLANG_WARN_COMMA = YES;
				CLANG_WARN_CONSTANT_CONVERSION = YES;
				CLANG_WARN_DEPRECATED_OBJC_IMPLEMENTATIONS = YES;
				CLANG_WARN_DIRECT_OBJC_ISA_USAGE = YES_ERROR;
				CLANG_WARN_DOCUMENTATION_COMMENTS = YES;
				CLANG_WARN_EMPTY_BODY = YES;
				CLANG_WARN_ENUM_CONVERSION = YES;
				CLANG_WARN_INFINITE_RECURSION = YES;
				CLANG_WARN_INT_CONVERSION = YES;
				CLANG_WARN_NON_LITERAL_NULL_CONVERSION = YES;
				CLANG_WARN_OBJC_IMPLICIT_RETAIN_SELF = YES;
				CLANG_WARN_OBJC_LITERAL_CONVERSION = YES;
				CLANG_WARN_OBJC_ROOT_CLASS = YES_ERROR;
				CLANG_WARN_QUOTED_INCLUDE_IN_FRAMEWORK_HEADER = YES;
				CLANG_WARN_RANGE_LOOP_ANALYSIS = YES;
				CLANG_WARN_STRICT_PROTOTYPES = YES;
				CLANG_WARN_SUSPICIOUS_MOVE = YES;
				CLANG_WARN_UNGUARDED_AVAILABILITY = YES_AGGRESSIVE;
				CLANG_WARN_UNREACHABLE_CODE = YES;
				CLANG_WARN__DUPLICATE_METHOD_MATCH = YES;
				COPY_PHASE_STRIP = NO;
				DEBUG_INFORMATION_FORMAT = dwarf;
				ENABLE_STRICT_OBJC_MSGSEND = YES;
				ENABLE_TESTABILITY = YES;
				GCC_C_LANGUAGE_STANDARD = gnu11;
				GCC_DYNAMIC_NO_PIC = NO;
				GCC_NO_COMMON_BLOCKS = YES;
				GCC_OPTIMIZATION_LEVEL = 0;
				GCC_PREPROCESSOR_DEFINITIONS = (
					"DEBUG=1",
					"$(inherited)",
				);
				GCC_WARN_64_TO_32_BIT_CONVERSION = YES;
				GCC_WARN_ABOUT_RETURN_TYPE = YES_ERROR;
				GCC_WARN_UNDECLARED_SELECTOR = YES;
				GCC_WARN_UNINITIALIZED_AUTOS = YES_AGGRESSIVE;
				GCC_WARN_UNUSED_FUNCTION = YES;
				GCC_WARN_UNUSED_VARIABLE = YES;
				IPHONEOS_DEPLOYMENT_TARGET = 15.0;
				MTL_ENABLE_DEBUG_INFO = INCLUDE_SOURCE;
				MTL_FAST_MATH = YES;
				ONLY_ACTIVE_ARCH = YES;
				SDKROOT = iphoneos;
				SWIFT_ACTIVE_COMPILATION_CONDITIONS = DEBUG;
				SWIFT_OPTIMIZATION_LEVEL = "-Onone";
			};
			name = Debug;
		};
		20F1C12A2841104500A7FB0A /* Release */ = {
			isa = XCBuildConfiguration;
			buildSettings = {
				ALWAYS_SEARCH_USER_PATHS = NO;
				CLANG_ANALYZER_NONNULL = YES;
				CLANG_ANALYZER_NUMBER_OBJECT_CONVERSION = YES_AGGRESSIVE;
				CLANG_CXX_LANGUAGE_STANDARD = "gnu++17";
				CLANG_CXX_LIBRARY = "libc++";
				CLANG_ENABLE_MODULES = YES;
				CLANG_ENABLE_OBJC_ARC = YES;
				CLANG_ENABLE_OBJC_WEAK = YES;
				CLANG_WARN_BLOCK_CAPTURE_AUTORELEASING = YES;
				CLANG_WARN_BOOL_CONVERSION = YES;
				CLANG_WARN_COMMA = YES;
				CLANG_WARN_CONSTANT_CONVERSION = YES;
				CLANG_WARN_DEPRECATED_OBJC_IMPLEMENTATIONS = YES;
				CLANG_WARN_DIRECT_OBJC_ISA_USAGE = YES_ERROR;
				CLANG_WARN_DOCUMENTATION_COMMENTS = YES;
				CLANG_WARN_EMPTY_BODY = YES;
				CLANG_WARN_ENUM_CONVERSION = YES;
				CLANG_WARN_INFINITE_RECURSION = YES;
				CLANG_WARN_INT_CONVERSION = YES;
				CLANG_WARN_NON_LITERAL_NULL_CONVERSION = YES;
				CLANG_WARN_OBJC_IMPLICIT_RETAIN_SELF = YES;
				CLANG_WARN_OBJC_LITERAL_CONVERSION = YES;
				CLANG_WARN_OBJC_ROOT_CLASS = YES_ERROR;
				CLANG_WARN_QUOTED_INCLUDE_IN_FRAMEWORK_HEADER = YES;
				CLANG_WARN_RANGE_LOOP_ANALYSIS = YES;
				CLANG_WARN_STRICT_PROTOTYPES = YES;
				CLANG_WARN_SUSPICIOUS_MOVE = YES;
				CLANG_WARN_UNGUARDED_AVAILABILITY = YES_AGGRESSIVE;
				CLANG_WARN_UNREACHABLE_CODE = YES;
				CLANG_WARN__DUPLICATE_METHOD_MATCH = YES;
				COPY_PHASE_STRIP = NO;
				DEBUG_INFORMATION_FORMAT = "dwarf-with-dsym";
				ENABLE_NS_ASSERTIONS = NO;
				ENABLE_STRICT_OBJC_MSGSEND = YES;
				GCC_C_LANGUAGE_STANDARD = gnu11;
				GCC_NO_COMMON_BLOCKS = YES;
				GCC_WARN_64_TO_32_BIT_CONVERSION = YES;
				GCC_WARN_ABOUT_RETURN_TYPE = YES_ERROR;
				GCC_WARN_UNDECLARED_SELECTOR = YES;
				GCC_WARN_UNINITIALIZED_AUTOS = YES_AGGRESSIVE;
				GCC_WARN_UNUSED_FUNCTION = YES;
				GCC_WARN_UNUSED_VARIABLE = YES;
				IPHONEOS_DEPLOYMENT_TARGET = 15.0;
				MTL_ENABLE_DEBUG_INFO = NO;
				MTL_FAST_MATH = YES;
				SDKROOT = iphoneos;
				SWIFT_COMPILATION_MODE = wholemodule;
				SWIFT_OPTIMIZATION_LEVEL = "-O";
				VALIDATE_PRODUCT = YES;
			};
			name = Release;
		};
		20F1C12C2841104500A7FB0A /* Debug */ = {
			isa = XCBuildConfiguration;
			buildSettings = {
				ASSETCATALOG_COMPILER_APPICON_NAME = AppIcon;
				ASSETCATALOG_COMPILER_GLOBAL_ACCENT_COLOR_NAME = AccentColor;
				CODE_SIGN_STYLE = Automatic;
				CURRENT_PROJECT_VERSION = 1;
				DEVELOPMENT_ASSET_PATHS = "\"swift-rive/Preview Content\"";
				ENABLE_PREVIEWS = YES;
				GENERATE_INFOPLIST_FILE = YES;
				INFOPLIST_KEY_UIApplicationSceneManifest_Generation = YES;
				INFOPLIST_KEY_UIApplicationSupportsIndirectInputEvents = YES;
				INFOPLIST_KEY_UILaunchScreen_Generation = YES;
				INFOPLIST_KEY_UISupportedInterfaceOrientations_iPad = "UIInterfaceOrientationPortrait UIInterfaceOrientationPortraitUpsideDown UIInterfaceOrientationLandscapeLeft UIInterfaceOrientationLandscapeRight";
				INFOPLIST_KEY_UISupportedInterfaceOrientations_iPhone = "UIInterfaceOrientationPortrait UIInterfaceOrientationLandscapeLeft UIInterfaceOrientationLandscapeRight";
				IPHONEOS_DEPLOYMENT_TARGET = 14.0;
				LD_RUNPATH_SEARCH_PATHS = (
					"$(inherited)",
					"@executable_path/Frameworks",
				);
				MARKETING_VERSION = 1.0;
				PRODUCT_BUNDLE_IDENTIFIER = "com.mohammedaabid.swift-rive";
				PRODUCT_NAME = "$(TARGET_NAME)";
				SWIFT_EMIT_LOC_STRINGS = YES;
				SWIFT_VERSION = 5.0;
				TARGETED_DEVICE_FAMILY = "1,2";
			};
			name = Debug;
		};
		20F1C12D2841104500A7FB0A /* Release */ = {
			isa = XCBuildConfiguration;
			buildSettings = {
				ASSETCATALOG_COMPILER_APPICON_NAME = AppIcon;
				ASSETCATALOG_COMPILER_GLOBAL_ACCENT_COLOR_NAME = AccentColor;
				CODE_SIGN_STYLE = Automatic;
				CURRENT_PROJECT_VERSION = 1;
				DEVELOPMENT_ASSET_PATHS = "\"swift-rive/Preview Content\"";
				ENABLE_PREVIEWS = YES;
				GENERATE_INFOPLIST_FILE = YES;
				INFOPLIST_KEY_UIApplicationSceneManifest_Generation = YES;
				INFOPLIST_KEY_UIApplicationSupportsIndirectInputEvents = YES;
				INFOPLIST_KEY_UILaunchScreen_Generation = YES;
				INFOPLIST_KEY_UISupportedInterfaceOrientations_iPad = "UIInterfaceOrientationPortrait UIInterfaceOrientationPortraitUpsideDown UIInterfaceOrientationLandscapeLeft UIInterfaceOrientationLandscapeRight";
				INFOPLIST_KEY_UISupportedInterfaceOrientations_iPhone = "UIInterfaceOrientationPortrait UIInterfaceOrientationLandscapeLeft UIInterfaceOrientationLandscapeRight";
				IPHONEOS_DEPLOYMENT_TARGET = 14.0;
				LD_RUNPATH_SEARCH_PATHS = (
					"$(inherited)",
					"@executable_path/Frameworks",
				);
				MARKETING_VERSION = 1.0;
				PRODUCT_BUNDLE_IDENTIFIER = "com.mohammedaabid.swift-rive";
				PRODUCT_NAME = "$(TARGET_NAME)";
				SWIFT_EMIT_LOC_STRINGS = YES;
				SWIFT_VERSION = 5.0;
				TARGETED_DEVICE_FAMILY = "1,2";
			};
			name = Release;
		};
/* End XCBuildConfiguration section */

/* Begin XCConfigurationList section */
		20F1C1182841104400A7FB0A /* Build configuration list for PBXProject "swift-rive" */ = {
			isa = XCConfigurationList;
			buildConfigurations = (
				20F1C1292841104500A7FB0A /* Debug */,
				20F1C12A2841104500A7FB0A /* Release */,
			);
			defaultConfigurationIsVisible = 0;
			defaultConfigurationName = Release;
		};
		20F1C12B2841104500A7FB0A /* Build configuration list for PBXNativeTarget "swift-rive" */ = {
			isa = XCConfigurationList;
			buildConfigurations = (
				20F1C12C2841104500A7FB0A /* Debug */,
				20F1C12D2841104500A7FB0A /* Release */,
			);
			defaultConfigurationIsVisible = 0;
			defaultConfigurationName = Release;
		};
/* End XCConfigurationList section */

/* Begin XCRemoteSwiftPackageReference section */
		20F1C13D2841118100A7FB0A /* XCRemoteSwiftPackageReference "rive-ios" */ = {
			isa = XCRemoteSwiftPackageReference;
			repositoryURL = "https://github.com/rive-app/rive-ios.git";
			requirement = {
				branch = main;
				kind = branch;
			};
		};
/* End XCRemoteSwiftPackageReference section */

/* Begin XCSwiftPackageProductDependency section */
		20F1C13E2841118100A7FB0A /* RiveRuntime */ = {
			isa = XCSwiftPackageProductDependency;
			package = 20F1C13D2841118100A7FB0A /* XCRemoteSwiftPackageReference "rive-ios" */;
			productName = RiveRuntime;
		};
/* End XCSwiftPackageProductDependency section */
	};
	rootObject = 20F1C1152841104400A7FB0A /* Project object */;
}
